
Microsoft Visual Studio Solution File, Format Version 12.00
# Visual Studio 14
VisualStudioVersion = 14.0.23107.0
MinimumVisualStudioVersion = 10.0.40219.1
Project("{FAE04EC0-301F-11D3-BF4B-00C04F79EFBC}") = "SimRacingDashboard.Entities", "SimRacingDashboard.Entities\SimRacingDashboard.Entities.csproj", "{119BB8AF-8E1A-4CD5-BC05-1F19CAE45452}"
EndProject
Project("{FAE04EC0-301F-11D3-BF4B-00C04F79EFBC}") = "SimRacingDashboard.DataAccess.PCars", "SimRacingDashboard.DataAccess.PCars\SimRacingDashboard.DataAccess.PCars.csproj", "{9D15C050-5A6B-4CF7-9C9C-2CDADA4DF509}"
EndProject
Project("{FAE04EC0-301F-11D3-BF4B-00C04F79EFBC}") = "SimRacingDashboard.DataAccess.DirtRally", "SimRacingDashboard.DataAccess.DirtRally\SimRacingDashboard.DataAccess.DirtRally.csproj", "{DF572FF5-1CB8-4BF4-9B88-A52C28673302}"
EndProject
Project("{FAE04EC0-301F-11D3-BF4B-00C04F79EFBC}") = "SimRacingDashboard.DataAccess", "SimRacingDashboard.DataAccess\SimRacingDashboard.DataAccess.csproj", "{9C369ECB-309F-497F-9756-0EA67026AD3F}"
EndProject
Project("{FAE04EC0-301F-11D3-BF4B-00C04F79EFBC}") = "SimRacingDashboard", "SimRacingDashboard\SimRacingDashboard.csproj", "{D849CB3C-60C9-47C4-B54A-590535E0661F}"
EndProject
Project("{FAE04EC0-301F-11D3-BF4B-00C04F79EFBC}") = "SimRacingDashboard.Output", "SimRacingDashboard.Output\SimRacingDashboard.Output.csproj", "{72A3FBE6-D192-45D4-BAE1-161F19FBC236}"
EndProject
Project("{FAE04EC0-301F-11D3-BF4B-00C04F79EFBC}") = "SimRacingDashboard.Output.Beep", "SimRacingDashboard.Output.Beep\SimRacingDashboard.Output.Beep.csproj", "{A2A2DCA4-BE69-46D4-98D2-16D056A74F68}"
EndProject
Project("{FAE04EC0-301F-11D3-BF4B-00C04F79EFBC}") = "SimRacingDashboard.Profiler", "SimRacingDashboard.Profiler\SimRacingDashboard.Profiler.csproj", "{3BD18350-D95B-4A5A-A024-B4125F70263A}"
EndProject
Project("{FAE04EC0-301F-11D3-BF4B-00C04F79EFBC}") = "SimRacingDashboard.Output.File", "SimRacingDashboard.Output.File\SimRacingDashboard.Output.File.csproj", "{E465AC6B-866D-42DE-8478-4071B1E576A0}"
EndProject
Project("{FAE04EC0-301F-11D3-BF4B-00C04F79EFBC}") = "SimRacingDashboard.DataViewer", "SimRacingDashboard.DataViewer\SimRacingDashboard.DataViewer.csproj", "{BD672EFA-83D5-4829-82BE-F134B0B96042}"
EndProject
Project("{FAE04EC0-301F-11D3-BF4B-00C04F79EFBC}") = "SimRacingDashboard.Output.Dashboard", "SimRacingDashboard.Output.Dashboard\SimRacingDashboard.Output.Dashboard.csproj", "{BB5F7132-B471-4788-80FC-29431118ED8C}"
EndProject
Project("{FAE04EC0-301F-11D3-BF4B-00C04F79EFBC}") = "SimRacingDashboard.DataAccess.Udp", "SimRacingDashboard.DataAccess.Udp\SimRacingDashboard.DataAccess.Udp.csproj", "{B4178209-5EE2-46F4-901B-8F0D348D859E}"
EndProject
Project("{FAE04EC0-301F-11D3-BF4B-00C04F79EFBC}") = "SpiTest", "SpiTest\SpiTest.csproj", "{C9A11E56-197F-4EAD-BF2A-A7642B27EEE2}"
EndProject
Global
	GlobalSection(Performance) = preSolution
		HasPerformanceSessions = true
	EndGlobalSection
	GlobalSection(SolutionConfigurationPlatforms) = preSolution
		Debug|Any CPU = Debug|Any CPU
		Release|Any CPU = Release|Any CPU
	EndGlobalSection
	GlobalSection(ProjectConfigurationPlatforms) = postSolution
		{119BB8AF-8E1A-4CD5-BC05-1F19CAE45452}.Debug|Any CPU.ActiveCfg = Debug|Any CPU
		{119BB8AF-8E1A-4CD5-BC05-1F19CAE45452}.Debug|Any CPU.Build.0 = Debug|Any CPU
		{119BB8AF-8E1A-4CD5-BC05-1F19CAE45452}.Release|Any CPU.ActiveCfg = Release|Any CPU
		{119BB8AF-8E1A-4CD5-BC05-1F19CAE45452}.Release|Any CPU.Build.0 = Release|Any CPU
		{9D15C050-5A6B-4CF7-9C9C-2CDADA4DF509}.Debug|Any CPU.ActiveCfg = Debug|Any CPU
		{9D15C050-5A6B-4CF7-9C9C-2CDADA4DF509}.Debug|Any CPU.Build.0 = Debug|Any CPU
		{9D15C050-5A6B-4CF7-9C9C-2CDADA4DF509}.Release|Any CPU.ActiveCfg = Release|Any CPU
		{9D15C050-5A6B-4CF7-9C9C-2CDADA4DF509}.Release|Any CPU.Build.0 = Release|Any CPU
		{DF572FF5-1CB8-4BF4-9B88-A52C28673302}.Debug|Any CPU.ActiveCfg = Debug|Any CPU
		{DF572FF5-1CB8-4BF4-9B88-A52C28673302}.Debug|Any CPU.Build.0 = Debug|Any CPU
		{DF572FF5-1CB8-4BF4-9B88-A52C28673302}.Release|Any CPU.ActiveCfg = Release|Any CPU
		{DF572FF5-1CB8-4BF4-9B88-A52C28673302}.Release|Any CPU.Build.0 = Release|Any CPU
		{9C369ECB-309F-497F-9756-0EA67026AD3F}.Debug|Any CPU.ActiveCfg = Debug|Any CPU
		{9C369ECB-309F-497F-9756-0EA67026AD3F}.Debug|Any CPU.Build.0 = Debug|Any CPU
		{9C369ECB-309F-497F-9756-0EA67026AD3F}.Release|Any CPU.ActiveCfg = Release|Any CPU
		{9C369ECB-309F-497F-9756-0EA67026AD3F}.Release|Any CPU.Build.0 = Release|Any CPU
		{D849CB3C-60C9-47C4-B54A-590535E0661F}.Debug|Any CPU.ActiveCfg = Debug|Any CPU
		{D849CB3C-60C9-47C4-B54A-590535E0661F}.Debug|Any CPU.Build.0 = Debug|Any CPU
		{D849CB3C-60C9-47C4-B54A-590535E0661F}.Release|Any CPU.ActiveCfg = Release|Any CPU
		{D849CB3C-60C9-47C4-B54A-590535E0661F}.Release|Any CPU.Build.0 = Release|Any CPU
		{72A3FBE6-D192-45D4-BAE1-161F19FBC236}.Debug|Any CPU.ActiveCfg = Debug|Any CPU
		{72A3FBE6-D192-45D4-BAE1-161F19FBC236}.Debug|Any CPU.Build.0 = Debug|Any CPU
		{72A3FBE6-D192-45D4-BAE1-161F19FBC236}.Release|Any CPU.ActiveCfg = Release|Any CPU
		{72A3FBE6-D192-45D4-BAE1-161F19FBC236}.Release|Any CPU.Build.0 = Release|Any CPU
		{A2A2DCA4-BE69-46D4-98D2-16D056A74F68}.Debug|Any CPU.ActiveCfg = Debug|Any CPU
		{A2A2DCA4-BE69-46D4-98D2-16D056A74F68}.Debug|Any CPU.Build.0 = Debug|Any CPU
		{A2A2DCA4-BE69-46D4-98D2-16D056A74F68}.Release|Any CPU.ActiveCfg = Release|Any CPU
		{A2A2DCA4-BE69-46D4-98D2-16D056A74F68}.Release|Any CPU.Build.0 = Release|Any CPU
		{3BD18350-D95B-4A5A-A024-B4125F70263A}.Debug|Any CPU.ActiveCfg = Debug|Any CPU
		{3BD18350-D95B-4A5A-A024-B4125F70263A}.Debug|Any CPU.Build.0 = Debug|Any CPU
		{3BD18350-D95B-4A5A-A024-B4125F70263A}.Release|Any CPU.ActiveCfg = Release|Any CPU
		{3BD18350-D95B-4A5A-A024-B4125F70263A}.Release|Any CPU.Build.0 = Release|Any CPU
		{E465AC6B-866D-42DE-8478-4071B1E576A0}.Debug|Any CPU.ActiveCfg = Debug|Any CPU
		{E465AC6B-866D-42DE-8478-4071B1E576A0}.Debug|Any CPU.Build.0 = Debug|Any CPU
		{E465AC6B-866D-42DE-8478-4071B1E576A0}.Release|Any CPU.ActiveCfg = Release|Any CPU
		{E465AC6B-866D-42DE-8478-4071B1E576A0}.Release|Any CPU.Build.0 = Release|Any CPU
		{BD672EFA-83D5-4829-82BE-F134B0B96042}.Debug|Any CPU.ActiveCfg = Debug|Any CPU
		{BD672EFA-83D5-4829-82BE-F134B0B96042}.Debug|Any CPU.Build.0 = Debug|Any CPU
		{BD672EFA-83D5-4829-82BE-F134B0B96042}.Release|Any CPU.ActiveCfg = Release|Any CPU
		{BD672EFA-83D5-4829-82BE-F134B0B96042}.Release|Any CPU.Build.0 = Release|Any CPU
		{BB5F7132-B471-4788-80FC-29431118ED8C}.Debug|Any CPU.ActiveCfg = Debug|Any CPU
		{BB5F7132-B471-4788-80FC-29431118ED8C}.Debug|Any CPU.Build.0 = Debug|Any CPU
		{BB5F7132-B471-4788-80FC-29431118ED8C}.Release|Any CPU.ActiveCfg = Release|Any CPU
		{BB5F7132-B471-4788-80FC-29431118ED8C}.Release|Any CPU.Build.0 = Release|Any CPU
		{B4178209-5EE2-46F4-901B-8F0D348D859E}.Debug|Any CPU.ActiveCfg = Debug|Any CPU
		{B4178209-5EE2-46F4-901B-8F0D348D859E}.Debug|Any CPU.Build.0 = Debug|Any CPU
		{B4178209-5EE2-46F4-901B-8F0D348D859E}.Release|Any CPU.ActiveCfg = Release|Any CPU
		{B4178209-5EE2-46F4-901B-8F0D348D859E}.Release|Any CPU.Build.0 = Release|Any CPU
		{C9A11E56-197F-4EAD-BF2A-A7642B27EEE2}.Debug|Any CPU.ActiveCfg = Debug|Any CPU
		{C9A11E56-197F-4EAD-BF2A-A7642B27EEE2}.Debug|Any CPU.Build.0 = Debug|Any CPU
		{C9A11E56-197F-4EAD-BF2A-A7642B27EEE2}.Release|Any CPU.ActiveCfg = Release|Any CPU
		{C9A11E56-197F-4EAD-BF2A-A7642B27EEE2}.Release|Any CPU.Build.0 = Release|Any CPU
	EndGlobalSection
	GlobalSection(SolutionProperties) = preSolution
		HideSolutionNode = FALSE
	EndGlobalSection
EndGlobal
